// !$*UTF8*$!
{
	archiveVersion = 1;
	classes = {
	};
	objectVersion = 56;
	objects = {

/* Begin PBXBuildFile section */
		CB5B0BE42A046D6900EE61E6 /* AppDelegate.swift in Sources */ = {isa = PBXBuildFile; fileRef = CB5B0BE32A046D6900EE61E6 /* AppDelegate.swift */; };
		CB5B0BE62A046D6900EE61E6 /* SceneDelegate.swift in Sources */ = {isa = PBXBuildFile; fileRef = CB5B0BE52A046D6900EE61E6 /* SceneDelegate.swift */; };
		CB5B0BE82A046D6900EE61E6 /* ViewController.swift in Sources */ = {isa = PBXBuildFile; fileRef = CB5B0BE72A046D6900EE61E6 /* ViewController.swift */; };
		CB5B0BEB2A046D6900EE61E6 /* Main.storyboard in Resources */ = {isa = PBXBuildFile; fileRef = CB5B0BE92A046D6900EE61E6 /* Main.storyboard */; };
		CB5B0BED2A046D6A00EE61E6 /* Assets.xcassets in Resources */ = {isa = PBXBuildFile; fileRef = CB5B0BEC2A046D6A00EE61E6 /* Assets.xcassets */; };
		CB5B0BF02A046D6A00EE61E6 /* LaunchScreen.storyboard in Resources */ = {isa = PBXBuildFile; fileRef = CB5B0BEE2A046D6A00EE61E6 /* LaunchScreen.storyboard */; };
		CBD7D70E2A07EDB5004469A9 /* SelectionViewController.storyboard in Resources */ = {isa = PBXBuildFile; fileRef = CBD7D70D2A07EDB5004469A9 /* SelectionViewController.storyboard */; };
		CBD7D7102A07EE15004469A9 /* SelectionViewController.swift in Sources */ = {isa = PBXBuildFile; fileRef = CBD7D70F2A07EE15004469A9 /* SelectionViewController.swift */; };
		CBD7D7122A07FED9004469A9 /* NSNotificationName+Extension.swift in Sources */ = {isa = PBXBuildFile; fileRef = CBD7D7112A07FED9004469A9 /* NSNotificationName+Extension.swift */; };
/* End PBXBuildFile section */

/* Begin PBXFileReference section */
		CB5B0BE02A046D6900EE61E6 /* NotificationCenterAula.app */ = {isa = PBXFileReference; explicitFileType = wrapper.application; includeInIndex = 0; path = NotificationCenterAula.app; sourceTree = BUILT_PRODUCTS_DIR; };
		CB5B0BE32A046D6900EE61E6 /* AppDelegate.swift */ = {isa = PBXFileReference; lastKnownFileType = sourcecode.swift; path = AppDelegate.swift; sourceTree = "<group>"; };
		CB5B0BE52A046D6900EE61E6 /* SceneDelegate.swift */ = {isa = PBXFileReference; lastKnownFileType = sourcecode.swift; path = SceneDelegate.swift; sourceTree = "<group>"; };
		CB5B0BE72A046D6900EE61E6 /* ViewController.swift */ = {isa = PBXFileReference; lastKnownFileType = sourcecode.swift; path = ViewController.swift; sourceTree = "<group>"; };
		CB5B0BEA2A046D6900EE61E6 /* Base */ = {isa = PBXFileReference; lastKnownFileType = file.storyboard; name = Base; path = Base.lproj/Main.storyboard; sourceTree = "<group>"; };
		CB5B0BEC2A046D6A00EE61E6 /* Assets.xcassets */ = {isa = PBXFileReference; lastKnownFileType = folder.assetcatalog; path = Assets.xcassets; sourceTree = "<group>"; };
		CB5B0BEF2A046D6A00EE61E6 /* Base */ = {isa = PBXFileReference; lastKnownFileType = file.storyboard; name = Base; path = Base.lproj/LaunchScreen.storyboard; sourceTree = "<group>"; };
		CB5B0BF12A046D6A00EE61E6 /* Info.plist */ = {isa = PBXFileReference; lastKnownFileType = text.plist.xml; path = Info.plist; sourceTree = "<group>"; };
		CBD7D70D2A07EDB5004469A9 /* SelectionViewController.storyboard */ = {isa = PBXFileReference; lastKnownFileType = file.storyboard; path = SelectionViewController.storyboard; sourceTree = "<group>"; };
		CBD7D70F2A07EE15004469A9 /* SelectionViewController.swift */ = {isa = PBXFileReference; lastKnownFileType = sourcecode.swift; path = SelectionViewController.swift; sourceTree = "<group>"; };
		CBD7D7112A07FED9004469A9 /* NSNotificationName+Extension.swift */ = {isa = PBXFileReference; lastKnownFileType = sourcecode.swift; path = "NSNotificationName+Extension.swift"; sourceTree = "<group>"; };
/* End PBXFileReference section */

/* Begin PBXFrameworksBuildPhase section */
		CB5B0BDD2A046D6900EE61E6 /* Frameworks */ = {
			isa = PBXFrameworksBuildPhase;
			buildActionMask = 2147483647;
			files = (
			);
			runOnlyForDeploymentPostprocessing = 0;
		};
/* End PBXFrameworksBuildPhase section */

/* Begin PBXGroup section */
		CB5B0BD72A046D6900EE61E6 = {
			isa = PBXGroup;
			children = (
				CB5B0BE22A046D6900EE61E6 /* NotificationCenterAula */,
				CB5B0BE12A046D6900EE61E6 /* Products */,
			);
			sourceTree = "<group>";
		};
		CB5B0BE12A046D6900EE61E6 /* Products */ = {
			isa = PBXGroup;
			children = (
				CB5B0BE02A046D6900EE61E6 /* NotificationCenterAula.app */,
			);
			name = Products;
			sourceTree = "<group>";
		};
		CB5B0BE22A046D6900EE61E6 /* NotificationCenterAula */ = {
			isa = PBXGroup;
			children = (
				CBD7D70C2A07ED86004469A9 /* SelectionViewController */,
				CB5B0BE32A046D6900EE61E6 /* AppDelegate.swift */,
				CB5B0BE52A046D6900EE61E6 /* SceneDelegate.swift */,
				CB5B0BE72A046D6900EE61E6 /* ViewController.swift */,
				CB5B0BE92A046D6900EE61E6 /* Main.storyboard */,
				CB5B0BEC2A046D6A00EE61E6 /* Assets.xcassets */,
				CB5B0BEE2A046D6A00EE61E6 /* LaunchScreen.storyboard */,
				CB5B0BF12A046D6A00EE61E6 /* Info.plist */,
				CBD7D7112A07FED9004469A9 /* NSNotificationName+Extension.swift */,
			);
			path = NotificationCenterAula;
			sourceTree = "<group>";
		};
		CBD7D70C2A07ED86004469A9 /* SelectionViewController */ = {
			isa = PBXGroup;
			children = (
				CBD7D70D2A07EDB5004469A9 /* SelectionViewController.storyboard */,
				CBD7D70F2A07EE15004469A9 /* SelectionViewController.swift */,
			);
			path = SelectionViewController;
			sourceTree = "<group>";
		};
/* End PBXGroup section */

/* Begin PBXNativeTarget section */
		CB5B0BDF2A046D6900EE61E6 /* NotificationCenterAula */ = {
			isa = PBXNativeTarget;
			buildConfigurationList = CB5B0BF42A046D6A00EE61E6 /* Build configuration list for PBXNativeTarget "NotificationCenterAula" */;
			buildPhases = (
				CB5B0BDC2A046D6900EE61E6 /* Sources */,
				CB5B0BDD2A046D6900EE61E6 /* Frameworks */,
				CB5B0BDE2A046D6900EE61E6 /* Resources */,
			);
			buildRules = (
			);
			dependencies = (
			);
			name = NotificationCenterAula;
			productName = NotificationCenterAula;
			productReference = CB5B0BE02A046D6900EE61E6 /* NotificationCenterAula.app */;
			productType = "com.apple.product-type.application";
		};
/* End PBXNativeTarget section */

/* Begin PBXProject section */
		CB5B0BD82A046D6900EE61E6 /* Project object */ = {
			isa = PBXProject;
			attributes = {
				BuildIndependentTargetsInParallel = 1;
				LastSwiftUpdateCheck = 1420;
				LastUpgradeCheck = 1420;
				TargetAttributes = {
					CB5B0BDF2A046D6900EE61E6 = {
						CreatedOnToolsVersion = 14.2;
					};
				};
			};
			buildConfigurationList = CB5B0BDB2A046D6900EE61E6 /* Build configuration list for PBXProject "NotificationCenterAula" */;
			compatibilityVersion = "Xcode 14.0";
			developmentRegion = en;
			hasScannedForEncodings = 0;
			knownRegions = (
				en,
				Base,
			);
			mainGroup = CB5B0BD72A046D6900EE61E6;
			productRefGroup = CB5B0BE12A046D6900EE61E6 /* Products */;
			projectDirPath = "";
			projectRoot = "";
			targets = (
				CB5B0BDF2A046D6900EE61E6 /* NotificationCenterAula */,
			);
		};
/* End PBXProject section */

/* Begin PBXResourcesBuildPhase section */
		CB5B0BDE2A046D6900EE61E6 /* Resources */ = {
			isa = PBXResourcesBuildPhase;
			buildActionMask = 2147483647;
			files = (
				CB5B0BF02A046D6A00EE61E6 /* LaunchScreen.storyboard in Resources */,
				CB5B0BED2A046D6A00EE61E6 /* Assets.xcassets in Resources */,
				CBD7D70E2A07EDB5004469A9 /* SelectionViewController.storyboard in Resources */,
				CB5B0BEB2A046D6900EE61E6 /* Main.storyboard in Resources */,
			);
			runOnlyForDeploymentPostprocessing = 0;
		};
/* End PBXResourcesBuildPhase section */

/* Begin PBXSourcesBuildPhase section */
		CB5B0BDC2A046D6900EE61E6 /* Sources */ = {
			isa = PBXSourcesBuildPhase;
			buildActionMask = 2147483647;
			files = (
				CB5B0BE82A046D6900EE61E6 /* ViewController.swift in Sources */,
				CBD7D7102A07EE15004469A9 /* SelectionViewController.swift in Sources */,
				CB5B0BE42A046D6900EE61E6 /* AppDelegate.swift in Sources */,
				CBD7D7122A07FED9004469A9 /* NSNotificationName+Extension.swift in Sources */,
				CB5B0BE62A046D6900EE61E6 /* SceneDelegate.swift in Sources */,
			);
			runOnlyForDeploymentPostprocessing = 0;
		};
/* End PBXSourcesBuildPhase section */

/* Begin PBXVariantGroup section */
		CB5B0BE92A046D6900EE61E6 /* Main.storyboard */ = {
			isa = PBXVariantGroup;
			children = (
				CB5B0BEA2A046D6900EE61E6 /* Base */,
			);
			name = Main.storyboard;
			sourceTree = "<group>";
		};
		CB5B0BEE2A046D6A00EE61E6 /* LaunchScreen.storyboard */ = {
			isa = PBXVariantGroup;
			children = (
				CB5B0BEF2A046D6A00EE61E6 /* Base */,
			);
			name = LaunchScreen.storyboard;
			sourceTree = "<group>";
		};
/* End PBXVariantGroup section */

/* Begin XCBuildConfiguration section */
		CB5B0BF22A046D6A00EE61E6 /* Debug */ = {
			isa = XCBuildConfiguration;
			buildSettings = {
				ALWAYS_SEARCH_USER_PATHS = NO;
				CLANG_ANALYZER_NONNULL = YES;
				CLANG_ANALYZER_NUMBER_OBJECT_CONVERSION = YES_AGGRESSIVE;
				CLANG_CXX_LANGUAGE_STANDARD = "gnu++20";
				CLANG_ENABLE_MODULES = YES;
				CLANG_ENABLE_OBJC_ARC = YES;
				CLANG_ENABLE_OBJC_WEAK = YES;
				CLANG_WARN_BLOCK_CAPTURE_AUTORELEASING = YES;
				CLANG_WARN_BOOL_CONVERSION = YES;
				CLANG_WARN_COMMA = YES;
				CLANG_WARN_CONSTANT_CONVERSION = YES;
				CLANG_WARN_DEPRECATED_OBJC_IMPLEMENTATIONS = YES;
				CLANG_WARN_DIRECT_OBJC_ISA_USAGE = YES_ERROR;
				CLANG_WARN_DOCUMENTATION_COMMENTS = YES;
				CLANG_WARN_EMPTY_BODY = YES;
				CLANG_WARN_ENUM_CONVERSION = YES;
				CLANG_WARN_INFINITE_RECURSION = YES;
				CLANG_WARN_INT_CONVERSION = YES;
				CLANG_WARN_NON_LITERAL_NULL_CONVERSION = YES;
				CLANG_WARN_OBJC_IMPLICIT_RETAIN_SELF = YES;
				CLANG_WARN_OBJC_LITERAL_CONVERSION = YES;
				CLANG_WARN_OBJC_ROOT_CLASS = YES_ERROR;
				CLANG_WARN_QUOTED_INCLUDE_IN_FRAMEWORK_HEADER = YES;
				CLANG_WARN_RANGE_LOOP_ANALYSIS = YES;
				CLANG_WARN_STRICT_PROTOTYPES = YES;
				CLANG_WARN_SUSPICIOUS_MOVE = YES;
				CLANG_WARN_UNGUARDED_AVAILABILITY = YES_AGGRESSIVE;
				CLANG_WARN_UNREACHABLE_CODE = YES;
				CLANG_WARN__DUPLICATE_METHOD_MATCH = YES;
				COPY_PHASE_STRIP = NO;
				DEBUG_INFORMATION_FORMAT = dwarf;
				ENABLE_STRICT_OBJC_MSGSEND = YES;
				ENABLE_TESTABILITY = YES;
				GCC_C_LANGUAGE_STANDARD = gnu11;
				GCC_DYNAMIC_NO_PIC = NO;
				GCC_NO_COMMON_BLOCKS = YES;
				GCC_OPTIMIZATION_LEVEL = 0;
				GCC_PREPROCESSOR_DEFINITIONS = (
					"DEBUG=1",
					"$(inherited)",
				);
				GCC_WARN_64_TO_32_BIT_CONVERSION = YES;
				GCC_WARN_ABOUT_RETURN_TYPE = YES_ERROR;
				GCC_WARN_UNDECLARED_SELECTOR = YES;
				GCC_WARN_UNINITIALIZED_AUTOS = YES_AGGRESSIVE;
				GCC_WARN_UNUSED_FUNCTION = YES;
				GCC_WARN_UNUSED_VARIABLE = YES;
				IPHONEOS_DEPLOYMENT_TARGET = 16.2;
				MTL_ENABLE_DEBUG_INFO = INCLUDE_SOURCE;
				MTL_FAST_MATH = YES;
				ONLY_ACTIVE_ARCH = YES;
				SDKROOT = iphoneos;
				SWIFT_ACTIVE_COMPILATION_CONDITIONS = DEBUG;
				SWIFT_OPTIMIZATION_LEVEL = "-Onone";
			};
			name = Debug;
		};
		CB5B0BF32A046D6A00EE61E6 /* Release */ = {
			isa = XCBuildConfiguration;
			buildSettings = {
				ALWAYS_SEARCH_USER_PATHS = NO;
				CLANG_ANALYZER_NONNULL = YES;
				CLANG_ANALYZER_NUMBER_OBJECT_CONVERSION = YES_AGGRESSIVE;
				CLANG_CXX_LANGUAGE_STANDARD = "gnu++20";
				CLANG_ENABLE_MODULES = YES;
				CLANG_ENABLE_OBJC_ARC = YES;
				CLANG_ENABLE_OBJC_WEAK = YES;
				CLANG_WARN_BLOCK_CAPTURE_AUTORELEASING = YES;
				CLANG_WARN_BOOL_CONVERSION = YES;
				CLANG_WARN_COMMA = YES;
				CLANG_WARN_CONSTANT_CONVERSION = YES;
				CLANG_WARN_DEPRECATED_OBJC_IMPLEMENTATIONS = YES;
				CLANG_WARN_DIRECT_OBJC_ISA_USAGE = YES_ERROR;
				CLANG_WARN_DOCUMENTATION_COMMENTS = YES;
				CLANG_WARN_EMPTY_BODY = YES;
				CLANG_WARN_ENUM_CONVERSION = YES;
				CLANG_WARN_INFINITE_RECURSION = YES;
				CLANG_WARN_INT_CONVERSION = YES;
				CLANG_WARN_NON_LITERAL_NULL_CONVERSION = YES;
				CLANG_WARN_OBJC_IMPLICIT_RETAIN_SELF = YES;
				CLANG_WARN_OBJC_LITERAL_CONVERSION = YES;
				CLANG_WARN_OBJC_ROOT_CLASS = YES_ERROR;
				CLANG_WARN_QUOTED_INCLUDE_IN_FRAMEWORK_HEADER = YES;
				CLANG_WARN_RANGE_LOOP_ANALYSIS = YES;
				CLANG_WARN_STRICT_PROTOTYPES = YES;
				CLANG_WARN_SUSPICIOUS_MOVE = YES;
				CLANG_WARN_UNGUARDED_AVAILABILITY = YES_AGGRESSIVE;
				CLANG_WARN_UNREACHABLE_CODE = YES;
				CLANG_WARN__DUPLICATE_METHOD_MATCH = YES;
				COPY_PHASE_STRIP = NO;
				DEBUG_INFORMATION_FORMAT = "dwarf-with-dsym";
				ENABLE_NS_ASSERTIONS = NO;
				ENABLE_STRICT_OBJC_MSGSEND = YES;
				GCC_C_LANGUAGE_STANDARD = gnu11;
				GCC_NO_COMMON_BLOCKS = YES;
				GCC_WARN_64_TO_32_BIT_CONVERSION = YES;
				GCC_WARN_ABOUT_RETURN_TYPE = YES_ERROR;
				GCC_WARN_UNDECLARED_SELECTOR = YES;
				GCC_WARN_UNINITIALIZED_AUTOS = YES_AGGRESSIVE;
				GCC_WARN_UNUSED_FUNCTION = YES;
				GCC_WARN_UNUSED_VARIABLE = YES;
				IPHONEOS_DEPLOYMENT_TARGET = 16.2;
				MTL_ENABLE_DEBUG_INFO = NO;
				MTL_FAST_MATH = YES;
				SDKROOT = iphoneos;
				SWIFT_COMPILATION_MODE = wholemodule;
				SWIFT_OPTIMIZATION_LEVEL = "-O";
				VALIDATE_PRODUCT = YES;
			};
			name = Release;
		};
		CB5B0BF52A046D6A00EE61E6 /* Debug */ = {
			isa = XCBuildConfiguration;
			buildSettings = {
				ASSETCATALOG_COMPILER_APPICON_NAME = AppIcon;
				ASSETCATALOG_COMPILER_GLOBAL_ACCENT_COLOR_NAME = AccentColor;
				CODE_SIGN_STYLE = Automatic;
				CURRENT_PROJECT_VERSION = 1;
				GENERATE_INFOPLIST_FILE = YES;
				INFOPLIST_FILE = NotificationCenterAula/Info.plist;
				INFOPLIST_KEY_UIApplicationSupportsIndirectInputEvents = YES;
				INFOPLIST_KEY_UILaunchStoryboardName = LaunchScreen;
				INFOPLIST_KEY_UIMainStoryboardFile = Main;
				INFOPLIST_KEY_UISupportedInterfaceOrientations_iPad = "UIInterfaceOrientationPortrait UIInterfaceOrientationPortraitUpsideDown UIInterfaceOrientationLandscapeLeft UIInterfaceOrientationLandscapeRight";
				INFOPLIST_KEY_UISupportedInterfaceOrientations_iPhone = "UIInterfaceOrientationPortrait UIInterfaceOrientationLandscapeLeft UIInterfaceOrientationLandscapeRight";
				LD_RUNPATH_SEARCH_PATHS = (
					"$(inherited)",
					"@executable_path/Frameworks",
				);
				MARKETING_VERSION = 1.0;
				PRODUCT_BUNDLE_IDENTIFIER = backfront.NotificationCenterAula;
				PRODUCT_NAME = "$(TARGET_NAME)";
				SWIFT_EMIT_LOC_STRINGS = YES;
				SWIFT_VERSION = 5.0;
				TARGETED_DEVICE_FAMILY = "1,2";
			};
			name = Debug;
		};
		CB5B0BF62A046D6A00EE61E6 /* Release */ = {
			isa = XCBuildConfiguration;
			buildSettings = {
				ASSETCATALOG_COMPILER_APPICON_NAME = AppIcon;
				ASSETCATALOG_COMPILER_GLOBAL_ACCENT_COLOR_NAME = AccentColor;
				CODE_SIGN_STYLE = Automatic;
				CURRENT_PROJECT_VERSION = 1;
				GENERATE_INFOPLIST_FILE = YES;
				INFOPLIST_FILE = NotificationCenterAula/Info.plist;
				INFOPLIST_KEY_UIApplicationSupportsIndirectInputEvents = YES;
				INFOPLIST_KEY_UILaunchStoryboardName = LaunchScreen;
				INFOPLIST_KEY_UIMainStoryboardFile = Main;
				INFOPLIST_KEY_UISupportedInterfaceOrientations_iPad = "UIInterfaceOrientationPortrait UIInterfaceOrientationPortraitUpsideDown UIInterfaceOrientationLandscapeLeft UIInterfaceOrientationLandscapeRight";
				INFOPLIST_KEY_UISupportedInterfaceOrientations_iPhone = "UIInterfaceOrientationPortrait UIInterfaceOrientationLandscapeLeft UIInterfaceOrientationLandscapeRight";
				LD_RUNPATH_SEARCH_PATHS = (
					"$(inherited)",
					"@executable_path/Frameworks",
				);
				MARKETING_VERSION = 1.0;
				PRODUCT_BUNDLE_IDENTIFIER = backfront.NotificationCenterAula;
				PRODUCT_NAME = "$(TARGET_NAME)";
				SWIFT_EMIT_LOC_STRINGS = YES;
				SWIFT_VERSION = 5.0;
				TARGETED_DEVICE_FAMILY = "1,2";
			};
			name = Release;
		};
/* End XCBuildConfiguration section */

/* Begin XCConfigurationList section */
		CB5B0BDB2A046D6900EE61E6 /* Build configuration list for PBXProject "NotificationCenterAula" */ = {
			isa = XCConfigurationList;
			buildConfigurations = (
				CB5B0BF22A046D6A00EE61E6 /* Debug */,
				CB5B0BF32A046D6A00EE61E6 /* Release */,
			);
			defaultConfigurationIsVisible = 0;
			defaultConfigurationName = Release;
		};
		CB5B0BF42A046D6A00EE61E6 /* Build configuration list for PBXNativeTarget "NotificationCenterAula" */ = {
			isa = XCConfigurationList;
			buildConfigurations = (
				CB5B0BF52A046D6A00EE61E6 /* Debug */,
				CB5B0BF62A046D6A00EE61E6 /* Release */,
			);
			defaultConfigurationIsVisible = 0;
			defaultConfigurationName = Release;
		};
/* End XCConfigurationList section */
	};
	rootObject = CB5B0BD82A046D6900EE61E6 /* Project object */;
}
