// !$*UTF8*$!
{
	archiveVersion = 1;
	classes = {
	};
	objectVersion = 56;
	objects = {

/* Begin PBXBuildFile section */
		CB104F4929DFA6560050A1DC /* AppDelegate.swift in Sources */ = {isa = PBXBuildFile; fileRef = CB104F4829DFA6560050A1DC /* AppDelegate.swift */; };
		CB104F4B29DFA6560050A1DC /* SceneDelegate.swift in Sources */ = {isa = PBXBuildFile; fileRef = CB104F4A29DFA6560050A1DC /* SceneDelegate.swift */; };
		CB104F4D29DFA6560050A1DC /* ViewController.swift in Sources */ = {isa = PBXBuildFile; fileRef = CB104F4C29DFA6560050A1DC /* ViewController.swift */; };
		CB104F5029DFA6560050A1DC /* Main.storyboard in Resources */ = {isa = PBXBuildFile; fileRef = CB104F4E29DFA6560050A1DC /* Main.storyboard */; };
		CB104F5229DFA6570050A1DC /* Assets.xcassets in Resources */ = {isa = PBXBuildFile; fileRef = CB104F5129DFA6570050A1DC /* Assets.xcassets */; };
		CB104F5529DFA6570050A1DC /* LaunchScreen.storyboard in Resources */ = {isa = PBXBuildFile; fileRef = CB104F5329DFA6570050A1DC /* LaunchScreen.storyboard */; };
		CB104F5F29DFAE730050A1DC /* NameTableViewCell.swift in Sources */ = {isa = PBXBuildFile; fileRef = CB104F5D29DFAE730050A1DC /* NameTableViewCell.swift */; };
		CB104F6029DFAE730050A1DC /* NameTableViewCell.xib in Resources */ = {isa = PBXBuildFile; fileRef = CB104F5E29DFAE730050A1DC /* NameTableViewCell.xib */; };
		CB92097F29E62B8B00A2A285 /* Person.swift in Sources */ = {isa = PBXBuildFile; fileRef = CB92097E29E62B8B00A2A285 /* Person.swift */; };
/* End PBXBuildFile section */

/* Begin PBXFileReference section */
		CB104F4529DFA6560050A1DC /* PrimeiroTableView350BF.app */ = {isa = PBXFileReference; explicitFileType = wrapper.application; includeInIndex = 0; path = PrimeiroTableView350BF.app; sourceTree = BUILT_PRODUCTS_DIR; };
		CB104F4829DFA6560050A1DC /* AppDelegate.swift */ = {isa = PBXFileReference; lastKnownFileType = sourcecode.swift; path = AppDelegate.swift; sourceTree = "<group>"; };
		CB104F4A29DFA6560050A1DC /* SceneDelegate.swift */ = {isa = PBXFileReference; lastKnownFileType = sourcecode.swift; path = SceneDelegate.swift; sourceTree = "<group>"; };
		CB104F4C29DFA6560050A1DC /* ViewController.swift */ = {isa = PBXFileReference; lastKnownFileType = sourcecode.swift; path = ViewController.swift; sourceTree = "<group>"; };
		CB104F4F29DFA6560050A1DC /* Base */ = {isa = PBXFileReference; lastKnownFileType = file.storyboard; name = Base; path = Base.lproj/Main.storyboard; sourceTree = "<group>"; };
		CB104F5129DFA6570050A1DC /* Assets.xcassets */ = {isa = PBXFileReference; lastKnownFileType = folder.assetcatalog; path = Assets.xcassets; sourceTree = "<group>"; };
		CB104F5429DFA6570050A1DC /* Base */ = {isa = PBXFileReference; lastKnownFileType = file.storyboard; name = Base; path = Base.lproj/LaunchScreen.storyboard; sourceTree = "<group>"; };
		CB104F5629DFA6570050A1DC /* Info.plist */ = {isa = PBXFileReference; lastKnownFileType = text.plist.xml; path = Info.plist; sourceTree = "<group>"; };
		CB104F5D29DFAE730050A1DC /* NameTableViewCell.swift */ = {isa = PBXFileReference; lastKnownFileType = sourcecode.swift; path = NameTableViewCell.swift; sourceTree = "<group>"; };
		CB104F5E29DFAE730050A1DC /* NameTableViewCell.xib */ = {isa = PBXFileReference; lastKnownFileType = file.xib; path = NameTableViewCell.xib; sourceTree = "<group>"; };
		CB92097E29E62B8B00A2A285 /* Person.swift */ = {isa = PBXFileReference; lastKnownFileType = sourcecode.swift; path = Person.swift; sourceTree = "<group>"; };
/* End PBXFileReference section */

/* Begin PBXFrameworksBuildPhase section */
		CB104F4229DFA6560050A1DC /* Frameworks */ = {
			isa = PBXFrameworksBuildPhase;
			buildActionMask = 2147483647;
			files = (
			);
			runOnlyForDeploymentPostprocessing = 0;
		};
/* End PBXFrameworksBuildPhase section */

/* Begin PBXGroup section */
		CB104F3C29DFA6560050A1DC = {
			isa = PBXGroup;
			children = (
				CB104F4729DFA6560050A1DC /* PrimeiroTableView350BF */,
				CB104F4629DFA6560050A1DC /* Products */,
			);
			sourceTree = "<group>";
		};
		CB104F4629DFA6560050A1DC /* Products */ = {
			isa = PBXGroup;
			children = (
				CB104F4529DFA6560050A1DC /* PrimeiroTableView350BF.app */,
			);
			name = Products;
			sourceTree = "<group>";
		};
		CB104F4729DFA6560050A1DC /* PrimeiroTableView350BF */ = {
			isa = PBXGroup;
			children = (
				CB92097D29E62B4F00A2A285 /* Model */,
				CB104F5C29DFADC00050A1DC /* Cell */,
				CB104F4829DFA6560050A1DC /* AppDelegate.swift */,
				CB104F4A29DFA6560050A1DC /* SceneDelegate.swift */,
				CB104F4C29DFA6560050A1DC /* ViewController.swift */,
				CB104F4E29DFA6560050A1DC /* Main.storyboard */,
				CB104F5129DFA6570050A1DC /* Assets.xcassets */,
				CB104F5329DFA6570050A1DC /* LaunchScreen.storyboard */,
				CB104F5629DFA6570050A1DC /* Info.plist */,
			);
			path = PrimeiroTableView350BF;
			sourceTree = "<group>";
		};
		CB104F5C29DFADC00050A1DC /* Cell */ = {
			isa = PBXGroup;
			children = (
				CB104F5D29DFAE730050A1DC /* NameTableViewCell.swift */,
				CB104F5E29DFAE730050A1DC /* NameTableViewCell.xib */,
			);
			path = Cell;
			sourceTree = "<group>";
		};
		CB92097D29E62B4F00A2A285 /* Model */ = {
			isa = PBXGroup;
			children = (
				CB92097E29E62B8B00A2A285 /* Person.swift */,
			);
			path = Model;
			sourceTree = "<group>";
		};
/* End PBXGroup section */

/* Begin PBXNativeTarget section */
		CB104F4429DFA6560050A1DC /* PrimeiroTableView350BF */ = {
			isa = PBXNativeTarget;
			buildConfigurationList = CB104F5929DFA6570050A1DC /* Build configuration list for PBXNativeTarget "PrimeiroTableView350BF" */;
			buildPhases = (
				CB104F4129DFA6560050A1DC /* Sources */,
				CB104F4229DFA6560050A1DC /* Frameworks */,
				CB104F4329DFA6560050A1DC /* Resources */,
			);
			buildRules = (
			);
			dependencies = (
			);
			name = PrimeiroTableView350BF;
			productName = PrimeiroTableView350BF;
			productReference = CB104F4529DFA6560050A1DC /* PrimeiroTableView350BF.app */;
			productType = "com.apple.product-type.application";
		};
/* End PBXNativeTarget section */

/* Begin PBXProject section */
		CB104F3D29DFA6560050A1DC /* Project object */ = {
			isa = PBXProject;
			attributes = {
				BuildIndependentTargetsInParallel = 1;
				LastSwiftUpdateCheck = 1420;
				LastUpgradeCheck = 1420;
				TargetAttributes = {
					CB104F4429DFA6560050A1DC = {
						CreatedOnToolsVersion = 14.2;
					};
				};
			};
			buildConfigurationList = CB104F4029DFA6560050A1DC /* Build configuration list for PBXProject "PrimeiroTableView350BF" */;
			compatibilityVersion = "Xcode 14.0";
			developmentRegion = en;
			hasScannedForEncodings = 0;
			knownRegions = (
				en,
				Base,
			);
			mainGroup = CB104F3C29DFA6560050A1DC;
			productRefGroup = CB104F4629DFA6560050A1DC /* Products */;
			projectDirPath = "";
			projectRoot = "";
			targets = (
				CB104F4429DFA6560050A1DC /* PrimeiroTableView350BF */,
			);
		};
/* End PBXProject section */

/* Begin PBXResourcesBuildPhase section */
		CB104F4329DFA6560050A1DC /* Resources */ = {
			isa = PBXResourcesBuildPhase;
			buildActionMask = 2147483647;
			files = (
				CB104F5529DFA6570050A1DC /* LaunchScreen.storyboard in Resources */,
				CB104F5229DFA6570050A1DC /* Assets.xcassets in Resources */,
				CB104F6029DFAE730050A1DC /* NameTableViewCell.xib in Resources */,
				CB104F5029DFA6560050A1DC /* Main.storyboard in Resources */,
			);
			runOnlyForDeploymentPostprocessing = 0;
		};
/* End PBXResourcesBuildPhase section */

/* Begin PBXSourcesBuildPhase section */
		CB104F4129DFA6560050A1DC /* Sources */ = {
			isa = PBXSourcesBuildPhase;
			buildActionMask = 2147483647;
			files = (
				CB92097F29E62B8B00A2A285 /* Person.swift in Sources */,
				CB104F4D29DFA6560050A1DC /* ViewController.swift in Sources */,
				CB104F4929DFA6560050A1DC /* AppDelegate.swift in Sources */,
				CB104F5F29DFAE730050A1DC /* NameTableViewCell.swift in Sources */,
				CB104F4B29DFA6560050A1DC /* SceneDelegate.swift in Sources */,
			);
			runOnlyForDeploymentPostprocessing = 0;
		};
/* End PBXSourcesBuildPhase section */

/* Begin PBXVariantGroup section */
		CB104F4E29DFA6560050A1DC /* Main.storyboard */ = {
			isa = PBXVariantGroup;
			children = (
				CB104F4F29DFA6560050A1DC /* Base */,
			);
			name = Main.storyboard;
			sourceTree = "<group>";
		};
		CB104F5329DFA6570050A1DC /* LaunchScreen.storyboard */ = {
			isa = PBXVariantGroup;
			children = (
				CB104F5429DFA6570050A1DC /* Base */,
			);
			name = LaunchScreen.storyboard;
			sourceTree = "<group>";
		};
/* End PBXVariantGroup section */

/* Begin XCBuildConfiguration section */
		CB104F5729DFA6570050A1DC /* Debug */ = {
			isa = XCBuildConfiguration;
			buildSettings = {
				ALWAYS_SEARCH_USER_PATHS = NO;
				CLANG_ANALYZER_NONNULL = YES;
				CLANG_ANALYZER_NUMBER_OBJECT_CONVERSION = YES_AGGRESSIVE;
				CLANG_CXX_LANGUAGE_STANDARD = "gnu++20";
				CLANG_ENABLE_MODULES = YES;
				CLANG_ENABLE_OBJC_ARC = YES;
				CLANG_ENABLE_OBJC_WEAK = YES;
				CLANG_WARN_BLOCK_CAPTURE_AUTORELEASING = YES;
				CLANG_WARN_BOOL_CONVERSION = YES;
				CLANG_WARN_COMMA = YES;
				CLANG_WARN_CONSTANT_CONVERSION = YES;
				CLANG_WARN_DEPRECATED_OBJC_IMPLEMENTATIONS = YES;
				CLANG_WARN_DIRECT_OBJC_ISA_USAGE = YES_ERROR;
				CLANG_WARN_DOCUMENTATION_COMMENTS = YES;
				CLANG_WARN_EMPTY_BODY = YES;
				CLANG_WARN_ENUM_CONVERSION = YES;
				CLANG_WARN_INFINITE_RECURSION = YES;
				CLANG_WARN_INT_CONVERSION = YES;
				CLANG_WARN_NON_LITERAL_NULL_CONVERSION = YES;
				CLANG_WARN_OBJC_IMPLICIT_RETAIN_SELF = YES;
				CLANG_WARN_OBJC_LITERAL_CONVERSION = YES;
				CLANG_WARN_OBJC_ROOT_CLASS = YES_ERROR;
				CLANG_WARN_QUOTED_INCLUDE_IN_FRAMEWORK_HEADER = YES;
				CLANG_WARN_RANGE_LOOP_ANALYSIS = YES;
				CLANG_WARN_STRICT_PROTOTYPES = YES;
				CLANG_WARN_SUSPICIOUS_MOVE = YES;
				CLANG_WARN_UNGUARDED_AVAILABILITY = YES_AGGRESSIVE;
				CLANG_WARN_UNREACHABLE_CODE = YES;
				CLANG_WARN__DUPLICATE_METHOD_MATCH = YES;
				COPY_PHASE_STRIP = NO;
				DEBUG_INFORMATION_FORMAT = dwarf;
				ENABLE_STRICT_OBJC_MSGSEND = YES;
				ENABLE_TESTABILITY = YES;
				GCC_C_LANGUAGE_STANDARD = gnu11;
				GCC_DYNAMIC_NO_PIC = NO;
				GCC_NO_COMMON_BLOCKS = YES;
				GCC_OPTIMIZATION_LEVEL = 0;
				GCC_PREPROCESSOR_DEFINITIONS = (
					"DEBUG=1",
					"$(inherited)",
				);
				GCC_WARN_64_TO_32_BIT_CONVERSION = YES;
				GCC_WARN_ABOUT_RETURN_TYPE = YES_ERROR;
				GCC_WARN_UNDECLARED_SELECTOR = YES;
				GCC_WARN_UNINITIALIZED_AUTOS = YES_AGGRESSIVE;
				GCC_WARN_UNUSED_FUNCTION = YES;
				GCC_WARN_UNUSED_VARIABLE = YES;
				IPHONEOS_DEPLOYMENT_TARGET = 16.2;
				MTL_ENABLE_DEBUG_INFO = INCLUDE_SOURCE;
				MTL_FAST_MATH = YES;
				ONLY_ACTIVE_ARCH = YES;
				SDKROOT = iphoneos;
				SWIFT_ACTIVE_COMPILATION_CONDITIONS = DEBUG;
				SWIFT_OPTIMIZATION_LEVEL = "-Onone";
			};
			name = Debug;
		};
		CB104F5829DFA6570050A1DC /* Release */ = {
			isa = XCBuildConfiguration;
			buildSettings = {
				ALWAYS_SEARCH_USER_PATHS = NO;
				CLANG_ANALYZER_NONNULL = YES;
				CLANG_ANALYZER_NUMBER_OBJECT_CONVERSION = YES_AGGRESSIVE;
				CLANG_CXX_LANGUAGE_STANDARD = "gnu++20";
				CLANG_ENABLE_MODULES = YES;
				CLANG_ENABLE_OBJC_ARC = YES;
				CLANG_ENABLE_OBJC_WEAK = YES;
				CLANG_WARN_BLOCK_CAPTURE_AUTORELEASING = YES;
				CLANG_WARN_BOOL_CONVERSION = YES;
				CLANG_WARN_COMMA = YES;
				CLANG_WARN_CONSTANT_CONVERSION = YES;
				CLANG_WARN_DEPRECATED_OBJC_IMPLEMENTATIONS = YES;
				CLANG_WARN_DIRECT_OBJC_ISA_USAGE = YES_ERROR;
				CLANG_WARN_DOCUMENTATION_COMMENTS = YES;
				CLANG_WARN_EMPTY_BODY = YES;
				CLANG_WARN_ENUM_CONVERSION = YES;
				CLANG_WARN_INFINITE_RECURSION = YES;
				CLANG_WARN_INT_CONVERSION = YES;
				CLANG_WARN_NON_LITERAL_NULL_CONVERSION = YES;
				CLANG_WARN_OBJC_IMPLICIT_RETAIN_SELF = YES;
				CLANG_WARN_OBJC_LITERAL_CONVERSION = YES;
				CLANG_WARN_OBJC_ROOT_CLASS = YES_ERROR;
				CLANG_WARN_QUOTED_INCLUDE_IN_FRAMEWORK_HEADER = YES;
				CLANG_WARN_RANGE_LOOP_ANALYSIS = YES;
				CLANG_WARN_STRICT_PROTOTYPES = YES;
				CLANG_WARN_SUSPICIOUS_MOVE = YES;
				CLANG_WARN_UNGUARDED_AVAILABILITY = YES_AGGRESSIVE;
				CLANG_WARN_UNREACHABLE_CODE = YES;
				CLANG_WARN__DUPLICATE_METHOD_MATCH = YES;
				COPY_PHASE_STRIP = NO;
				DEBUG_INFORMATION_FORMAT = "dwarf-with-dsym";
				ENABLE_NS_ASSERTIONS = NO;
				ENABLE_STRICT_OBJC_MSGSEND = YES;
				GCC_C_LANGUAGE_STANDARD = gnu11;
				GCC_NO_COMMON_BLOCKS = YES;
				GCC_WARN_64_TO_32_BIT_CONVERSION = YES;
				GCC_WARN_ABOUT_RETURN_TYPE = YES_ERROR;
				GCC_WARN_UNDECLARED_SELECTOR = YES;
				GCC_WARN_UNINITIALIZED_AUTOS = YES_AGGRESSIVE;
				GCC_WARN_UNUSED_FUNCTION = YES;
				GCC_WARN_UNUSED_VARIABLE = YES;
				IPHONEOS_DEPLOYMENT_TARGET = 16.2;
				MTL_ENABLE_DEBUG_INFO = NO;
				MTL_FAST_MATH = YES;
				SDKROOT = iphoneos;
				SWIFT_COMPILATION_MODE = wholemodule;
				SWIFT_OPTIMIZATION_LEVEL = "-O";
				VALIDATE_PRODUCT = YES;
			};
			name = Release;
		};
		CB104F5A29DFA6570050A1DC /* Debug */ = {
			isa = XCBuildConfiguration;
			buildSettings = {
				ASSETCATALOG_COMPILER_APPICON_NAME = AppIcon;
				ASSETCATALOG_COMPILER_GLOBAL_ACCENT_COLOR_NAME = AccentColor;
				CODE_SIGN_STYLE = Automatic;
				CURRENT_PROJECT_VERSION = 1;
				GENERATE_INFOPLIST_FILE = YES;
				INFOPLIST_FILE = PrimeiroTableView350BF/Info.plist;
				INFOPLIST_KEY_UIApplicationSupportsIndirectInputEvents = YES;
				INFOPLIST_KEY_UILaunchStoryboardName = LaunchScreen;
				INFOPLIST_KEY_UIMainStoryboardFile = Main;
				INFOPLIST_KEY_UISupportedInterfaceOrientations_iPad = "UIInterfaceOrientationPortrait UIInterfaceOrientationPortraitUpsideDown UIInterfaceOrientationLandscapeLeft UIInterfaceOrientationLandscapeRight";
				INFOPLIST_KEY_UISupportedInterfaceOrientations_iPhone = "UIInterfaceOrientationPortrait UIInterfaceOrientationLandscapeLeft UIInterfaceOrientationLandscapeRight";
				LD_RUNPATH_SEARCH_PATHS = (
					"$(inherited)",
					"@executable_path/Frameworks",
				);
				MARKETING_VERSION = 1.0;
				PRODUCT_BUNDLE_IDENTIFIER = backfront.PrimeiroTableView350BF;
				PRODUCT_NAME = "$(TARGET_NAME)";
				SWIFT_EMIT_LOC_STRINGS = YES;
				SWIFT_VERSION = 5.0;
				TARGETED_DEVICE_FAMILY = "1,2";
			};
			name = Debug;
		};
		CB104F5B29DFA6570050A1DC /* Release */ = {
			isa = XCBuildConfiguration;
			buildSettings = {
				ASSETCATALOG_COMPILER_APPICON_NAME = AppIcon;
				ASSETCATALOG_COMPILER_GLOBAL_ACCENT_COLOR_NAME = AccentColor;
				CODE_SIGN_STYLE = Automatic;
				CURRENT_PROJECT_VERSION = 1;
				GENERATE_INFOPLIST_FILE = YES;
				INFOPLIST_FILE = PrimeiroTableView350BF/Info.plist;
				INFOPLIST_KEY_UIApplicationSupportsIndirectInputEvents = YES;
				INFOPLIST_KEY_UILaunchStoryboardName = LaunchScreen;
				INFOPLIST_KEY_UIMainStoryboardFile = Main;
				INFOPLIST_KEY_UISupportedInterfaceOrientations_iPad = "UIInterfaceOrientationPortrait UIInterfaceOrientationPortraitUpsideDown UIInterfaceOrientationLandscapeLeft UIInterfaceOrientationLandscapeRight";
				INFOPLIST_KEY_UISupportedInterfaceOrientations_iPhone = "UIInterfaceOrientationPortrait UIInterfaceOrientationLandscapeLeft UIInterfaceOrientationLandscapeRight";
				LD_RUNPATH_SEARCH_PATHS = (
					"$(inherited)",
					"@executable_path/Frameworks",
				);
				MARKETING_VERSION = 1.0;
				PRODUCT_BUNDLE_IDENTIFIER = backfront.PrimeiroTableView350BF;
				PRODUCT_NAME = "$(TARGET_NAME)";
				SWIFT_EMIT_LOC_STRINGS = YES;
				SWIFT_VERSION = 5.0;
				TARGETED_DEVICE_FAMILY = "1,2";
			};
			name = Release;
		};
/* End XCBuildConfiguration section */

/* Begin XCConfigurationList section */
		CB104F4029DFA6560050A1DC /* Build configuration list for PBXProject "PrimeiroTableView350BF" */ = {
			isa = XCConfigurationList;
			buildConfigurations = (
				CB104F5729DFA6570050A1DC /* Debug */,
				CB104F5829DFA6570050A1DC /* Release */,
			);
			defaultConfigurationIsVisible = 0;
			defaultConfigurationName = Release;
		};
		CB104F5929DFA6570050A1DC /* Build configuration list for PBXNativeTarget "PrimeiroTableView350BF" */ = {
			isa = XCConfigurationList;
			buildConfigurations = (
				CB104F5A29DFA6570050A1DC /* Debug */,
				CB104F5B29DFA6570050A1DC /* Release */,
			);
			defaultConfigurationIsVisible = 0;
			defaultConfigurationName = Release;
		};
/* End XCConfigurationList section */
	};
	rootObject = CB104F3D29DFA6560050A1DC /* Project object */;
}
